
Microsoft Visual Studio Solution File, Format Version 12.00
# Visual Studio Version 17
VisualStudioVersion = 17.10.35122.118
MinimumVisualStudioVersion = 10.0.40219.1
Project("{FAE04EC0-301F-11D3-BF4B-00C04F79EFBC}") = "CAD_System", "CAD_System\CAD_System.csproj", "{0103F908-7B54-4E6B-B6DB-FF5B6DB56651}"
EndProject
Global
	GlobalSection(SolutionConfigurationPlatforms) = preSolution
		Debug|Any CPU = Debug|Any CPU
		Release|Any CPU = Release|Any CPU
	EndGlobalSection
	GlobalSection(ProjectConfigurationPlatforms) = postSolution
		{0103F908-7B54-4E6B-B6DB-FF5B6DB56651}.Debug|Any CPU.ActiveCfg = Debug|Any CPU
		{0103F908-7B54-4E6B-B6DB-FF5B6DB56651}.Debug|Any CPU.Build.0 = Debug|Any CPU
		{0103F908-7B54-4E6B-B6DB-FF5B6DB56651}.Release|Any CPU.ActiveCfg = Release|Any CPU
		{0103F908-7B54-4E6B-B6DB-FF5B6DB56651}.Release|Any CPU.Build.0 = Release|Any CPU
	EndGlobalSection
	GlobalSection(SolutionProperties) = preSolution
		HideSolutionNode = FALSE
	EndGlobalSection
	GlobalSection(ExtensibilityGlobals) = postSolution
		SolutionGuid = {BD0D1131-4BAE-4EF0-A96F-9D0E70E0C24D}
	EndGlobalSection
EndGlobal
